<?xml version="1.0" encoding="utf-8"?>
<Project ToolsVersion="4.0" xmlns="http://schemas.microsoft.com/developer/msbuild/2003">
  <ItemGroup>
    <Filter Include="Файлы исходного кода">
      <UniqueIdentifier>{4FC737F1-C7A5-4376-A066-2A32D752A2FF}</UniqueIdentifier>
      <Extensions>cpp;c;cc;cxx;def;odl;idl;hpj;bat;asm;asmx</Extensions>
    </Filter>
    <Filter Include="Заголовочные файлы">
      <UniqueIdentifier>{93995380-89BD-4b04-88EB-625FBE52EBFB}</UniqueIdentifier>
      <Extensions>h;hh;hpp;hxx;hm;inl;inc;xsd</Extensions>
    </Filter>
    <Filter Include="Файлы ресурсов">
      <UniqueIdentifier>{67DA6AB6-F800-4c08-8B7A-83BB121AAD01}</UniqueIdentifier>
      <Extensions>rc;ico;cur;bmp;dlg;rc2;rct;bin;rgs;gif;jpg;jpeg;jpe;resx;tiff;tif;png;wav;mfcribbon-ms</Extensions>
    </Filter>
    <Filter Include="Заголовочные файлы\Engine">
      <UniqueIdentifier>{3ef34b3b-91ef-491e-b7b9-652309908444}</UniqueIdentifier>
    </Filter>
    <Filter Include="Файлы исходного кода\Engine">
      <UniqueIdentifier>{3e5fe48e-64ab-48b0-bfad-ffcef5385d25}</UniqueIdentifier>
    </Filter>
    <Filter Include="Shaders">
      <UniqueIdentifier>{5f9f9b20-2379-49e0-96f5-da73b309d79e}</UniqueIdentifier>
    </Filter>
    <Filter Include="Файлы исходного кода\Engine\Window">
      <UniqueIdentifier>{eddc15d2-7938-479f-a159-a8b9d64b3776}</UniqueIdentifier>
    </Filter>
    <Filter Include="Заголовочные файлы\Engine\Window">
      <UniqueIdentifier>{cf3ff23a-ad75-4fae-beb1-eaed3b03d628}</UniqueIdentifier>
    </Filter>
    <Filter Include="Заголовочные файлы\Engine\File">
      <UniqueIdentifier>{6112d352-0803-46a0-b2e4-9a278b6355fa}</UniqueIdentifier>
    </Filter>
    <Filter Include="Файлы исходного кода\Engine\File">
      <UniqueIdentifier>{c06b2447-0d18-440d-8264-658c4acfc9de}</UniqueIdentifier>
    </Filter>
    <Filter Include="Файлы ресурсов\Images">
      <UniqueIdentifier>{904b3ac4-0756-475d-8141-d73632901c89}</UniqueIdentifier>
    </Filter>
    <Filter Include="Заголовочные файлы\Engine\ImGUI">
      <UniqueIdentifier>{0079a7bd-0263-4eec-9138-32d5a697c26b}</UniqueIdentifier>
    </Filter>
    <Filter Include="Заголовочные файлы\Engine\ImGUI\Core">
      <UniqueIdentifier>{74100ba4-094b-4881-a94d-ddc59b4b30cc}</UniqueIdentifier>
    </Filter>
    <Filter Include="Заголовочные файлы\Engine\ImGUI\Impl">
      <UniqueIdentifier>{6596a14e-efa5-45a3-8722-55736808dd37}</UniqueIdentifier>
    </Filter>
    <Filter Include="Файлы исходного кода\Engine\ImGUI">
      <UniqueIdentifier>{dd306305-cba0-47a3-9a8d-bea44eff7c06}</UniqueIdentifier>
    </Filter>
    <Filter Include="Файлы исходного кода\Engine\ImGUI\Core">
      <UniqueIdentifier>{bc0eb6d9-9ab8-459c-bc20-d91e252f58e2}</UniqueIdentifier>
    </Filter>
    <Filter Include="Файлы исходного кода\Engine\ImGUI\Impl">
      <UniqueIdentifier>{6a47bf79-e6f6-411b-82d3-4e29bf596653}</UniqueIdentifier>
    </Filter>
    <Filter Include="Заголовочные файлы\Engine\Graphics">
      <UniqueIdentifier>{8a1dccec-54a8-48dd-8502-619f48a1b07e}</UniqueIdentifier>
    </Filter>
    <Filter Include="Заголовочные файлы\Engine\Graphics\Bindable">
      <UniqueIdentifier>{67aa1cea-d71a-4ddd-8e53-f1683d9a51a9}</UniqueIdentifier>
    </Filter>
    <Filter Include="Заголовочные файлы\Engine\Graphics\Storage">
      <UniqueIdentifier>{95121d9c-d1d0-414e-9b5e-a27e83f87231}</UniqueIdentifier>
    </Filter>
    <Filter Include="Заголовочные файлы\Engine\Graphics\Objects">
      <UniqueIdentifier>{f60c432c-80a5-4f07-ba69-f99e55ff1c41}</UniqueIdentifier>
    </Filter>
    <Filter Include="Заголовочные файлы\Engine\Graphics\Objects\Bases">
      <UniqueIdentifier>{074124c2-941a-462e-a829-03cffe266e35}</UniqueIdentifier>
    </Filter>
    <Filter Include="Заголовочные файлы\Engine\Graphics\Objects\Geometry">
      <UniqueIdentifier>{ca4a024b-375e-43b6-9397-79a5d2a469dd}</UniqueIdentifier>
    </Filter>
    <Filter Include="Файлы исходного кода\Engine\Graphics">
      <UniqueIdentifier>{96c6a4ef-9569-4b2e-81f2-4b6f1ec57f66}</UniqueIdentifier>
    </Filter>
    <Filter Include="Файлы исходного кода\Engine\Graphics\Storage">
      <UniqueIdentifier>{510fadf1-db83-4526-98ee-8e644be3ac2f}</UniqueIdentifier>
    </Filter>
    <Filter Include="Файлы исходного кода\Engine\Graphics\Objects">
      <UniqueIdentifier>{bfb28d2d-a35d-447c-bbc7-3a48c60dccd1}</UniqueIdentifier>
    </Filter>
    <Filter Include="Файлы исходного кода\Engine\Graphics\Objects\Geometry">
      <UniqueIdentifier>{8880a2e9-6d74-4f13-a7f7-8327dd278fe5}</UniqueIdentifier>
    </Filter>
    <Filter Include="Заголовочные файлы\Framework">
      <UniqueIdentifier>{d3da98c1-aa1e-429d-b424-648b856b4867}</UniqueIdentifier>
    </Filter>
    <Filter Include="Заголовочные файлы\Framework\Exceptions">
      <UniqueIdentifier>{bf2cc866-e6be-4316-8d7e-2295ae3c988a}</UniqueIdentifier>
    </Filter>
    <Filter Include="Заголовочные файлы\Framework\Exceptions\Macros">
      <UniqueIdentifier>{c8a13912-72eb-4044-9736-2eae0cc9524f}</UniqueIdentifier>
    </Filter>
    <Filter Include="Файлы исходного кода\Framework">
      <UniqueIdentifier>{e4bac827-b181-4ad7-bda0-785319e06cb4}</UniqueIdentifier>
    </Filter>
    <Filter Include="Файлы исходного кода\Framework\Exceptions">
      <UniqueIdentifier>{48e6c941-810c-4f44-9b7b-65abefa5c7f8}</UniqueIdentifier>
    </Filter>
    <Filter Include="Файлы исходного кода\Framework\Exceptions\Inline">
      <UniqueIdentifier>{5e2e8e3b-d781-4384-a6bf-c65a57d8b206}</UniqueIdentifier>
    </Filter>
    <Filter Include="Заголовочные файлы\Framework\Fmt">
      <UniqueIdentifier>{80ca9775-97c4-4f16-b84f-76b2958f37bc}</UniqueIdentifier>
    </Filter>
    <Filter Include="Файлы исходного кода\Framework\Fmt">
      <UniqueIdentifier>{a500ef43-2332-40f3-9c0f-770f755c45d9}</UniqueIdentifier>
    </Filter>
    <Filter Include="Заголовочные файлы\Engine\Architecture">
      <UniqueIdentifier>{09026b9f-f410-42fd-9f58-bde7006ca9b1}</UniqueIdentifier>
    </Filter>
    <Filter Include="Файлы исходного кода\Engine\Architecture">
      <UniqueIdentifier>{cf0ddef9-b360-4eb0-b889-54f9c6218443}</UniqueIdentifier>
    </Filter>
    <Filter Include="Файлы исходного кода\Engine\Graphics\Bindable">
      <UniqueIdentifier>{096266d9-3160-48a2-9b3b-747e5b9c5d85}</UniqueIdentifier>
    </Filter>
    <Filter Include="Заголовочные файлы\Engine\Architecture\Bindable">
      <UniqueIdentifier>{80808386-c8b3-4c29-b92b-a04cefe8ac10}</UniqueIdentifier>
    </Filter>
    <Filter Include="Файлы исходного кода\Engine\Architecture\Bindable">
      <UniqueIdentifier>{dd9d84e4-62e6-4716-aad9-4c603318cc38}</UniqueIdentifier>
    </Filter>
  </ItemGroup>
  <ItemGroup>
    <ClCompile Include="App.cpp">
      <Filter>Файлы исходного кода</Filter>
    </ClCompile>
    <ClCompile Include="IndexBuffer.cpp">
      <Filter>Файлы исходного кода\Engine\Graphics\Bindable</Filter>
    </ClCompile>
    <ClCompile Include="VertexBuffer.cpp">
      <Filter>Файлы исходного кода\Engine\Graphics\Bindable</Filter>
    </ClCompile>
    <ClCompile Include="InputLayout.cpp">
      <Filter>Файлы исходного кода\Engine\Graphics\Bindable</Filter>
    </ClCompile>
    <ClCompile Include="PixelShader.cpp">
      <Filter>Файлы исходного кода\Engine\Graphics\Bindable</Filter>
    </ClCompile>
    <ClCompile Include="VertexShader.cpp">
      <Filter>Файлы исходного кода\Engine\Graphics\Bindable</Filter>
    </ClCompile>
    <ClCompile Include="Topology.cpp">
      <Filter>Файлы исходного кода\Engine\Graphics\Bindable</Filter>
    </ClCompile>
    <ClCompile Include="Window.cpp">
      <Filter>Файлы исходного кода\Engine\Window</Filter>
    </ClCompile>
    <ClCompile Include="Pyramid.cpp">
      <Filter>Файлы исходного кода\Engine\Graphics\Objects\Geometry</Filter>
    </ClCompile>
    <ClCompile Include="Box.cpp">
      <Filter>Файлы исходного кода\Engine\Graphics\Objects\Geometry</Filter>
    </ClCompile>
    <ClCompile Include="Melon.cpp">
      <Filter>Файлы исходного кода\Engine\Graphics\Objects\Geometry</Filter>
    </ClCompile>
    <ClCompile Include="RePrism.cpp">
      <Filter>Файлы исходного кода\Engine\Graphics\Objects\Geometry</Filter>
    </ClCompile>
    <ClCompile Include="Icosahedron.cpp">
      <Filter>Файлы исходного кода\Engine\Graphics\Objects\Geometry</Filter>
    </ClCompile>
    <ClCompile Include="VFileDialog.cpp">
      <Filter>Файлы исходного кода\Engine\File</Filter>
    </ClCompile>
    <ClCompile Include="GDIPlusManager.cpp">
      <Filter>Файлы исходного кода\Engine\File</Filter>
    </ClCompile>
    <ClCompile Include="ReSurface.cpp">
      <Filter>Файлы исходного кода\Engine\Graphics\Storage</Filter>
    </ClCompile>
    <ClCompile Include="Sheet.cpp">
      <Filter>Файлы исходного кода\Engine\Graphics\Objects\Geometry</Filter>
    </ClCompile>
    <ClCompile Include="ImGUI\imgui.cpp">
      <Filter>Файлы исходного кода\Engine\ImGUI\Core</Filter>
    </ClCompile>
    <ClCompile Include="ImGUI\imgui_demo.cpp">
      <Filter>Файлы исходного кода\Engine\ImGUI\Core</Filter>
    </ClCompile>
    <ClCompile Include="ImGUI\imgui_draw.cpp">
      <Filter>Файлы исходного кода\Engine\ImGUI\Core</Filter>
    </ClCompile>
    <ClCompile Include="ImGUI\imgui_widgets.cpp">
      <Filter>Файлы исходного кода\Engine\ImGUI\Core</Filter>
    </ClCompile>
    <ClCompile Include="ImGUI\imgui_impl_dx11.cpp">
      <Filter>Файлы исходного кода\Engine\ImGUI\Impl</Filter>
    </ClCompile>
    <ClCompile Include="ImGUI\imgui_impl_win32.cpp">
      <Filter>Файлы исходного кода\Engine\ImGUI\Impl</Filter>
    </ClCompile>
    <ClCompile Include="ImGUIManager.cpp">
      <Filter>Файлы исходного кода\Engine\ImGUI</Filter>
    </ClCompile>
    <ClCompile Include="SkinnedBox.cpp">
      <Filter>Файлы исходного кода\Engine\Graphics\Objects\Geometry</Filter>
    </ClCompile>
    <ClCompile Include="Camera.cpp">
      <Filter>Файлы исходного кода</Filter>
    </ClCompile>
    <ClCompile Include="PointLight.cpp">
      <Filter>Файлы исходного кода\Engine\Graphics\Objects</Filter>
    </ClCompile>
    <ClCompile Include="SolidSphere.cpp">
      <Filter>Файлы исходного кода\Engine\Graphics\Objects\Geometry</Filter>
    </ClCompile>
    <ClCompile Include="EntryMain.cpp">
      <Filter>Файлы исходного кода</Filter>
    </ClCompile>
    <ClCompile Include="Engine\Keyboard.cpp">
      <Filter>Файлы исходного кода\Engine\Window</Filter>
    </ClCompile>
    <ClCompile Include="Engine\Mouse.cpp">
      <Filter>Файлы исходного кода\Engine\Window</Filter>
    </ClCompile>
    <ClCompile Include="Framework\dxerr.cpp">
      <Filter>Файлы исходного кода\Framework\Exceptions</Filter>
    </ClCompile>
    <ClCompile Include="Framework\DXGIInfoManager.cpp">
      <Filter>Файлы исходного кода\Framework\Exceptions</Filter>
    </ClCompile>
    <ClCompile Include="Framework\Exception.cpp">
      <Filter>Файлы исходного кода\Framework\Exceptions</Filter>
    </ClCompile>
    <ClCompile Include="Engine\Graphics.cpp">
      <Filter>Файлы исходного кода\Engine\Window</Filter>
    </ClCompile>
    <ClCompile Include="Model.cpp">
      <Filter>Файлы исходного кода\Engine\Graphics\Objects</Filter>
    </ClCompile>
    <ClCompile Include="Fmtlib\src\format.cc">
      <Filter>Файлы исходного кода\Framework\Fmt</Filter>
    </ClCompile>
    <ClCompile Include="Fmtlib\src\posix.cc">
      <Filter>Файлы исходного кода\Framework\Fmt</Filter>
    </ClCompile>
    <ClCompile Include="Engine\Architecture\Drawable.cpp">
      <Filter>Файлы исходного кода\Engine\Architecture</Filter>
    </ClCompile>
    <ClCompile Include="Engine\Architecture\Bindable.cpp">
      <Filter>Файлы исходного кода\Engine\Architecture\Bindable</Filter>
    </ClCompile>
    <ClCompile Include="Engine\Architecture\TransformCBuf.cpp">
      <Filter>Файлы исходного кода\Engine\Architecture\Bindable</Filter>
    </ClCompile>
    <ClCompile Include="Engine\Architecture\TransformUnified.cpp">
      <Filter>Файлы исходного кода\Engine\Architecture\Bindable</Filter>
    </ClCompile>
    <ClCompile Include="Engine\Architecture\Texture.cpp">
      <Filter>Файлы исходного кода\Engine\Architecture\Bindable</Filter>
    </ClCompile>
    <ClCompile Include="Engine\Architecture\Sampler.cpp">
      <Filter>Файлы исходного кода\Engine\Architecture\Bindable</Filter>
    </ClCompile>
  </ItemGroup>
  <ItemGroup>
    <ClInclude Include="resource.h">
      <Filter>Заголовочные файлы</Filter>
    </ClInclude>
    <ClInclude Include="App.h">
      <Filter>Заголовочные файлы</Filter>
    </ClInclude>
    <ClInclude Include="IndexBuffer.h">
      <Filter>Заголовочные файлы\Engine\Graphics\Bindable</Filter>
    </ClInclude>
    <ClInclude Include="InputLayout.h">
      <Filter>Заголовочные файлы\Engine\Graphics\Bindable</Filter>
    </ClInclude>
    <ClInclude Include="VertexBuffer.h">
      <Filter>Заголовочные файлы\Engine\Graphics\Bindable</Filter>
    </ClInclude>
    <ClInclude Include="PixelShader.h">
      <Filter>Заголовочные файлы\Engine\Graphics\Bindable</Filter>
    </ClInclude>
    <ClInclude Include="VertexShader.h">
      <Filter>Заголовочные файлы\Engine\Graphics\Bindable</Filter>
    </ClInclude>
    <ClInclude Include="Topology.h">
      <Filter>Заголовочные файлы\Engine\Graphics\Bindable</Filter>
    </ClInclude>
    <ClInclude Include="Cone.h">
      <Filter>Заголовочные файлы\Engine\Graphics\Objects\Bases</Filter>
    </ClInclude>
    <ClInclude Include="Cube.h">
      <Filter>Заголовочные файлы\Engine\Graphics\Objects\Bases</Filter>
    </ClInclude>
    <ClInclude Include="IndexedTriangleList.h">
      <Filter>Заголовочные файлы\Engine\Graphics\Objects\Bases</Filter>
    </ClInclude>
    <ClInclude Include="Sphere.h">
      <Filter>Заголовочные файлы\Engine\Graphics\Objects\Bases</Filter>
    </ClInclude>
    <ClInclude Include="Melon.h">
      <Filter>Заголовочные файлы\Engine\Graphics\Objects\Geometry</Filter>
    </ClInclude>
    <ClInclude Include="Pyramid.h">
      <Filter>Заголовочные файлы\Engine\Graphics\Objects\Geometry</Filter>
    </ClInclude>
    <ClInclude Include="Engine\Keyboard.h">
      <Filter>Заголовочные файлы\Engine\Window</Filter>
    </ClInclude>
    <ClInclude Include="Engine\Window.h">
      <Filter>Заголовочные файлы\Engine\Window</Filter>
    </ClInclude>
    <ClInclude Include="Prism.h">
      <Filter>Заголовочные файлы\Engine\Graphics\Objects\Bases</Filter>
    </ClInclude>
    <ClInclude Include="Box.h">
      <Filter>Заголовочные файлы\Engine\Graphics\Objects\Geometry</Filter>
    </ClInclude>
    <ClInclude Include="RePrism.h">
      <Filter>Заголовочные файлы\Engine\Graphics\Objects\Geometry</Filter>
    </ClInclude>
    <ClInclude Include="Icosphere.h">
      <Filter>Заголовочные файлы\Engine\Graphics\Objects\Bases</Filter>
    </ClInclude>
    <ClInclude Include="Icosahedron.h">
      <Filter>Заголовочные файлы\Engine\Graphics\Objects\Geometry</Filter>
    </ClInclude>
    <ClInclude Include="VFileDialog.h">
      <Filter>Заголовочные файлы\Engine\File</Filter>
    </ClInclude>
    <ClInclude Include="GDIPlusManager.h">
      <Filter>Заголовочные файлы\Engine\File</Filter>
    </ClInclude>
    <ClInclude Include="ReSurface.h">
      <Filter>Заголовочные файлы\Engine\Graphics\Storage</Filter>
    </ClInclude>
    <ClInclude Include="Plane.h">
      <Filter>Заголовочные файлы\Engine\Graphics\Objects\Bases</Filter>
    </ClInclude>
    <ClInclude Include="Sheet.h">
      <Filter>Заголовочные файлы\Engine\Graphics\Objects\Geometry</Filter>
    </ClInclude>
    <ClInclude Include="SkinnedBox.h">
      <Filter>Заголовочные файлы\Engine\Graphics\Objects\Geometry</Filter>
    </ClInclude>
    <ClInclude Include="ImGUI\imconfig.h">
      <Filter>Заголовочные файлы\Engine\ImGUI\Core</Filter>
    </ClInclude>
    <ClInclude Include="ImGUI\imgui.h">
      <Filter>Заголовочные файлы\Engine\ImGUI\Core</Filter>
    </ClInclude>
    <ClInclude Include="ImGUI\imgui_internal.h">
      <Filter>Заголовочные файлы\Engine\ImGUI\Core</Filter>
    </ClInclude>
    <ClInclude Include="ImGUI\imstb_rectpack.h">
      <Filter>Заголовочные файлы\Engine\ImGUI\Core</Filter>
    </ClInclude>
    <ClInclude Include="ImGUI\imstb_textedit.h">
      <Filter>Заголовочные файлы\Engine\ImGUI\Core</Filter>
    </ClInclude>
    <ClInclude Include="ImGUI\imstb_truetype.h">
      <Filter>Заголовочные файлы\Engine\ImGUI\Core</Filter>
    </ClInclude>
    <ClInclude Include="ImGUI\imgui_impl_dx11.h">
      <Filter>Заголовочные файлы\Engine\ImGUI\Impl</Filter>
    </ClInclude>
    <ClInclude Include="ImGUI\imgui_impl_win32.h">
      <Filter>Заголовочные файлы\Engine\ImGUI\Impl</Filter>
    </ClInclude>
    <ClInclude Include="ImGUIManager.h">
      <Filter>Заголовочные файлы\Engine\ImGUI</Filter>
    </ClInclude>
    <ClInclude Include="Camera.h">
      <Filter>Заголовочные файлы\Engine\Window</Filter>
    </ClInclude>
    <ClInclude Include="PointLight.h">
      <Filter>Заголовочные файлы\Engine\Graphics\Objects</Filter>
    </ClInclude>
    <ClInclude Include="SolidSphere.h">
      <Filter>Заголовочные файлы\Engine\Graphics\Objects\Geometry</Filter>
    </ClInclude>
    <ClInclude Include="Framework\optional.h">
      <Filter>Заголовочные файлы\Framework</Filter>
    </ClInclude>
    <ClInclude Include="Framework\GdiSetup.h">
      <Filter>Заголовочные файлы\Framework</Filter>
    </ClInclude>
    <ClInclude Include="Framework\Exception.h">
      <Filter>Заголовочные файлы\Framework</Filter>
    </ClInclude>
    <ClInclude Include="Framework\WinSetup.h">
      <Filter>Заголовочные файлы\Framework</Filter>
    </ClInclude>
    <ClInclude Include="Engine\Mouse.h">
      <Filter>Заголовочные файлы\Engine\Window</Filter>
    </ClInclude>
    <ClInclude Include="Framework\dxerr.h">
      <Filter>Заголовочные файлы\Framework\Exceptions</Filter>
    </ClInclude>
    <ClInclude Include="Framework\DXGIInfoManager.h">
      <Filter>Заголовочные файлы\Framework\Exceptions</Filter>
    </ClInclude>
    <ClInclude Include="Model.h">
      <Filter>Заголовочные файлы\Engine\Graphics\Objects</Filter>
    </ClInclude>
    <ClInclude Include="Engine\Graphics.h">
      <Filter>Заголовочные файлы\Engine\Window</Filter>
    </ClInclude>
    <ClInclude Include="TestObject.h">
      <Filter>Заголовочные файлы\Engine\Graphics\Objects\Bases</Filter>
    </ClInclude>
    <ClInclude Include="Fmtlib\include\fmt\chrono.h">
      <Filter>Заголовочные файлы\Framework\Fmt</Filter>
    </ClInclude>
    <ClInclude Include="Fmtlib\include\fmt\color.h">
      <Filter>Заголовочные файлы\Framework\Fmt</Filter>
    </ClInclude>
    <ClInclude Include="Fmtlib\include\fmt\compile.h">
      <Filter>Заголовочные файлы\Framework\Fmt</Filter>
    </ClInclude>
    <ClInclude Include="Fmtlib\include\fmt\core.h">
      <Filter>Заголовочные файлы\Framework\Fmt</Filter>
    </ClInclude>
    <ClInclude Include="Fmtlib\include\fmt\format.h">
      <Filter>Заголовочные файлы\Framework\Fmt</Filter>
    </ClInclude>
    <ClInclude Include="Fmtlib\include\fmt\format-inl.h">
      <Filter>Заголовочные файлы\Framework\Fmt</Filter>
    </ClInclude>
    <ClInclude Include="Fmtlib\include\fmt\locale.h">
      <Filter>Заголовочные файлы\Framework\Fmt</Filter>
    </ClInclude>
    <ClInclude Include="Fmtlib\include\fmt\ostream.h">
      <Filter>Заголовочные файлы\Framework\Fmt</Filter>
    </ClInclude>
    <ClInclude Include="Fmtlib\include\fmt\posix.h">
      <Filter>Заголовочные файлы\Framework\Fmt</Filter>
    </ClInclude>
    <ClInclude Include="Fmtlib\include\fmt\printf.h">
      <Filter>Заголовочные файлы\Framework\Fmt</Filter>
    </ClInclude>
    <ClInclude Include="Fmtlib\include\fmt\ranges.h">
      <Filter>Заголовочные файлы\Framework\Fmt</Filter>
    </ClInclude>
    <ClInclude Include="Fmtlib\include\fmt\safe-duration-cast.h">
      <Filter>Заголовочные файлы\Framework\Fmt</Filter>
    </ClInclude>
    <ClInclude Include="Engine\Architecture\Codex.h">
      <Filter>Заголовочные файлы\Engine\Architecture</Filter>
    </ClInclude>
    <ClInclude Include="Engine\Architecture\VertexLayout.h">
      <Filter>Заголовочные файлы\Engine\Architecture</Filter>
    </ClInclude>
    <ClInclude Include="Engine\Architecture\Drawable.h">
      <Filter>Заголовочные файлы\Engine\Architecture</Filter>
    </ClInclude>
    <ClInclude Include="Framework\noexcept_if.h">
      <Filter>Файлы исходного кода\Framework</Filter>
    </ClInclude>
    <ClInclude Include="Framework\Utility.h">
      <Filter>Заголовочные файлы\Framework</Filter>
    </ClInclude>
    <ClInclude Include="Engine\Architecture\TransformUnified.h">
      <Filter>Заголовочные файлы\Engine\Architecture\Bindable</Filter>
    </ClInclude>
    <ClInclude Include="Engine\Architecture\Bindable.h">
      <Filter>Заголовочные файлы\Engine\Architecture\Bindable</Filter>
    </ClInclude>
    <ClInclude Include="Engine\Architecture\TransformCBuf.h">
      <Filter>Заголовочные файлы\Engine\Architecture\Bindable</Filter>
    </ClInclude>
    <ClInclude Include="Engine\Architecture\ConstantBuffer.h">
      <Filter>Заголовочные файлы\Engine\Architecture\Bindable</Filter>
    </ClInclude>
    <ClInclude Include="BindableCommons.h">
      <Filter>Заголовочные файлы\Engine\Graphics\Bindable</Filter>
    </ClInclude>
    <ClInclude Include="Engine\Architecture\Texture.h">
      <Filter>Заголовочные файлы\Engine\Architecture\Bindable</Filter>
    </ClInclude>
    <ClInclude Include="Engine\Architecture\Sampler.h">
      <Filter>Заголовочные файлы\Engine\Architecture\Bindable</Filter>
    </ClInclude>
  </ItemGroup>
  <ItemGroup>
    <ResourceCompile Include="WinD3D.rc">
      <Filter>Файлы ресурсов</Filter>
    </ResourceCompile>
  </ItemGroup>
  <ItemGroup>
    <Image Include="TheLostReality.ico">
      <Filter>Файлы ресурсов</Filter>
    </Image>
    <Image Include="..\..\..\..\..\Desktop\Marble.jpg">
      <Filter>Файлы ресурсов\Images</Filter>
    </Image>
    <Image Include="Images\kappa50.png">
      <Filter>Файлы ресурсов\Images</Filter>
    </Image>
  </ItemGroup>
  <ItemGroup>
    <None Include="GraphicsThrows.m">
      <Filter>Заголовочные файлы\Framework\Exceptions\Macros</Filter>
    </None>
    <None Include="Framework\DXGetErrorDescription.inl">
      <Filter>Файлы исходного кода\Framework\Exceptions\Inline</Filter>
    </None>
    <None Include="Framework\DXGetErrorString.inl">
      <Filter>Файлы исходного кода\Framework\Exceptions\Inline</Filter>
    </None>
    <None Include="Framework\DXTrace.inl">
      <Filter>Файлы исходного кода\Framework\Exceptions\Inline</Filter>
    </None>
  </ItemGroup>
  <ItemGroup>
    <FxCompile Include="ColorBlendPS.hlsl">
      <Filter>Shaders</Filter>
    </FxCompile>
    <FxCompile Include="ColorBlendVS.hlsl">
      <Filter>Shaders</Filter>
    </FxCompile>
    <FxCompile Include="ColorIndexPS.hlsl">
      <Filter>Shaders</Filter>
    </FxCompile>
    <FxCompile Include="ColorIndexVS.hlsl">
      <Filter>Shaders</Filter>
    </FxCompile>
    <FxCompile Include="TexturePS.hlsl">
      <Filter>Shaders</Filter>
    </FxCompile>
    <FxCompile Include="TextureVS.hlsl">
      <Filter>Shaders</Filter>
    </FxCompile>
    <FxCompile Include="PhongVS.hlsl">
      <Filter>Shaders</Filter>
    </FxCompile>
    <FxCompile Include="PhongPS.hlsl">
      <Filter>Shaders</Filter>
    </FxCompile>
    <FxCompile Include="SolidVS.hlsl">
      <Filter>Shaders</Filter>
    </FxCompile>
    <FxCompile Include="SolidPS.hlsl">
      <Filter>Shaders</Filter>
    </FxCompile>
    <FxCompile Include="PhongPSSpecular.hlsl">
      <Filter>Shaders</Filter>
    </FxCompile>
    <FxCompile Include="PhongNormalPS.hlsl">
      <Filter>Shaders</Filter>
    </FxCompile>
    <FxCompile Include="PhongNormalVS.hlsl">
      <Filter>Shaders</Filter>
    </FxCompile>
  </ItemGroup>
</Project>