<?xml version="1.0" encoding="utf-8"?>
<Project ToolsVersion="4.0" xmlns="http://schemas.microsoft.com/developer/msbuild/2003">
  <ItemGroup>
    <Filter Include="Файлы ресурсов">
      <UniqueIdentifier>{67DA6AB6-F800-4c08-8B7A-83BB121AAD01}</UniqueIdentifier>
      <Extensions>rc;ico;cur;bmp;dlg;rc2;rct;bin;rgs;gif;jpg;jpeg;jpe;resx;tiff;tif;png;wav;mfcribbon-ms</Extensions>
    </Filter>
    <Filter Include="Файлы ресурсов\Images">
      <UniqueIdentifier>{904b3ac4-0756-475d-8141-d73632901c89}</UniqueIdentifier>
    </Filter>
    <Filter Include="Shaders">
      <UniqueIdentifier>{666e558c-769e-4eed-a311-9335a828cd8e}</UniqueIdentifier>
    </Filter>
    <Filter Include="Shaders\Old">
      <UniqueIdentifier>{e25f098c-3f20-45ec-b80a-5007d68d646b}</UniqueIdentifier>
    </Filter>
    <Filter Include="Shaders\Headers">
      <UniqueIdentifier>{1669cf90-f1bc-4606-a2ad-a3c4e120f62c}</UniqueIdentifier>
    </Filter>
    <Filter Include="Shaders\PixelShades">
      <UniqueIdentifier>{8a801722-9734-4570-85dc-4679b9a38679}</UniqueIdentifier>
    </Filter>
    <Filter Include="Shaders\VertexShaders">
      <UniqueIdentifier>{421a567e-b07d-48e3-a352-ad6b2f98d515}</UniqueIdentifier>
    </Filter>
    <Filter Include="WinD3D">
      <UniqueIdentifier>{9bc9528b-95ee-4106-9ce2-55e12cdd17ea}</UniqueIdentifier>
    </Filter>
    <Filter Include="WinD3D\Bindable">
      <UniqueIdentifier>{a81f50bf-d120-446a-b15e-22709cb692ac}</UniqueIdentifier>
    </Filter>
    <Filter Include="WinD3D\Multipass">
      <UniqueIdentifier>{49aaebc1-53b0-40d6-8386-febd58fd75a3}</UniqueIdentifier>
    </Filter>
    <Filter Include="WinD3D\Passes">
      <UniqueIdentifier>{0627b492-cc28-4483-87b9-21953eefc4ab}</UniqueIdentifier>
    </Filter>
    <Filter Include="WinD3D\Passes\Graphs">
      <UniqueIdentifier>{415d7d59-eb46-4f3a-951b-c31f6e5082fe}</UniqueIdentifier>
    </Filter>
    <Filter Include="WinD3D\Dynamics">
      <UniqueIdentifier>{c805f448-9cd3-4100-a18c-0bc373679870}</UniqueIdentifier>
    </Filter>
    <Filter Include="WinD3D\Drawable">
      <UniqueIdentifier>{b829bc64-bee8-4512-9428-d3af7355ea10}</UniqueIdentifier>
    </Filter>
    <Filter Include="ImGUI">
      <UniqueIdentifier>{c3c1aadf-7d76-47d3-8bc1-3bfa43a0703d}</UniqueIdentifier>
    </Filter>
    <Filter Include="WinD3D\Loading">
      <UniqueIdentifier>{8d80f6e0-5cec-4639-84cb-ea60f71e91ea}</UniqueIdentifier>
    </Filter>
    <Filter Include="WinD3D\Scene">
      <UniqueIdentifier>{a2f47379-45e9-420b-8b5c-bc6a91833e8f}</UniqueIdentifier>
    </Filter>
    <Filter Include="WinD3D\Probes">
      <UniqueIdentifier>{75f6c65f-128c-40a1-92c6-59e26c05f22f}</UniqueIdentifier>
    </Filter>
    <Filter Include="WinD3D\Framework">
      <UniqueIdentifier>{f602147e-507a-4eff-a4a9-be847ee1b20f}</UniqueIdentifier>
    </Filter>
  </ItemGroup>
  <ItemGroup>
    <ClCompile Include="..\ImGUI\imgui.cpp">
      <Filter>ImGUI</Filter>
    </ClCompile>
    <ClCompile Include="..\ImGUI\imgui_demo.cpp">
      <Filter>ImGUI</Filter>
    </ClCompile>
    <ClCompile Include="..\ImGUI\imgui_draw.cpp">
      <Filter>ImGUI</Filter>
    </ClCompile>
    <ClCompile Include="..\ImGUI\imgui_impl_dx11.cpp">
      <Filter>ImGUI</Filter>
    </ClCompile>
    <ClCompile Include="..\ImGUI\imgui_impl_win32.cpp">
      <Filter>ImGUI</Filter>
    </ClCompile>
    <ClCompile Include="..\ImGUI\imgui_widgets.cpp">
      <Filter>ImGUI</Filter>
    </ClCompile>
    <ClCompile Include="Engine\Architecture\BlendState.cpp">
      <Filter>WinD3D\Bindable</Filter>
    </ClCompile>
    <ClCompile Include="Engine\Architecture\DepthStencil.cpp">
      <Filter>WinD3D\Bindable</Filter>
    </ClCompile>
    <ClCompile Include="Engine\Architecture\GraphicsResource.cpp">
      <Filter>WinD3D\Bindable</Filter>
    </ClCompile>
    <ClCompile Include="Engine\Architecture\IndexBuffer.cpp">
      <Filter>WinD3D\Bindable</Filter>
    </ClCompile>
    <ClCompile Include="Engine\Architecture\InputLayout.cpp">
      <Filter>WinD3D\Bindable</Filter>
    </ClCompile>
    <ClCompile Include="Engine\Architecture\NullPixelShader.cpp">
      <Filter>WinD3D\Bindable</Filter>
    </ClCompile>
    <ClCompile Include="Engine\Architecture\PixelShader.cpp">
      <Filter>WinD3D\Bindable</Filter>
    </ClCompile>
    <ClCompile Include="Engine\Architecture\RasterizerState.cpp">
      <Filter>WinD3D\Bindable</Filter>
    </ClCompile>
    <ClCompile Include="Engine\Architecture\RenderTarget.cpp">
      <Filter>WinD3D\Bindable</Filter>
    </ClCompile>
    <ClCompile Include="Engine\Architecture\Sampler.cpp">
      <Filter>WinD3D\Bindable</Filter>
    </ClCompile>
    <ClCompile Include="Engine\Architecture\Stencil.cpp">
      <Filter>WinD3D\Bindable</Filter>
    </ClCompile>
    <ClCompile Include="Engine\Architecture\Texture.cpp">
      <Filter>WinD3D\Bindable</Filter>
    </ClCompile>
    <ClCompile Include="Engine\Architecture\Topology.cpp">
      <Filter>WinD3D\Bindable</Filter>
    </ClCompile>
    <ClCompile Include="Engine\Architecture\TransformCBuf.cpp">
      <Filter>WinD3D\Bindable</Filter>
    </ClCompile>
    <ClCompile Include="Engine\Architecture\TransformUnified.cpp">
      <Filter>WinD3D\Bindable</Filter>
    </ClCompile>
    <ClCompile Include="Engine\Architecture\VertexBuffer.cpp">
      <Filter>WinD3D\Bindable</Filter>
    </ClCompile>
    <ClCompile Include="Engine\Architecture\VertexShader.cpp">
      <Filter>WinD3D\Bindable</Filter>
    </ClCompile>
    <ClCompile Include="Engine\Architecture\Technique.cpp">
      <Filter>WinD3D\Multipass</Filter>
    </ClCompile>
    <ClCompile Include="Engine\Architecture\Step.cpp">
      <Filter>WinD3D\Multipass</Filter>
    </ClCompile>
    <ClCompile Include="Engine\Architecture\Sink.cpp">
      <Filter>WinD3D\Multipass</Filter>
    </ClCompile>
    <ClCompile Include="Engine\Architecture\Source.cpp">
      <Filter>WinD3D\Multipass</Filter>
    </ClCompile>
    <ClCompile Include="Engine\Architecture\Job.cpp">
      <Filter>WinD3D\Multipass</Filter>
    </ClCompile>
    <ClCompile Include="Engine\Architecture\Pass.cpp">
      <Filter>WinD3D\Multipass</Filter>
    </ClCompile>
    <ClCompile Include="Engine\Architecture\BlurOutlineRenderGraph.cpp">
      <Filter>WinD3D\Passes\Graphs</Filter>
    </ClCompile>
    <ClCompile Include="Engine\Architecture\RenderGraph.cpp">
      <Filter>WinD3D\Passes\Graphs</Filter>
    </ClCompile>
    <ClCompile Include="Engine\Architecture\BindingPass.cpp">
      <Filter>WinD3D\Passes</Filter>
    </ClCompile>
    <ClCompile Include="Engine\Architecture\BufferClearPass.cpp">
      <Filter>WinD3D\Passes</Filter>
    </ClCompile>
    <ClCompile Include="Engine\Architecture\FullscreenPass.cpp">
      <Filter>WinD3D\Passes</Filter>
    </ClCompile>
    <ClCompile Include="Engine\Architecture\HorizontalBlurPass.cpp">
      <Filter>WinD3D\Passes</Filter>
    </ClCompile>
    <ClCompile Include="Engine\Architecture\RenderQueuePass.cpp">
      <Filter>WinD3D\Passes</Filter>
    </ClCompile>
    <ClCompile Include="Engine\Architecture\VerticalBlurPass.cpp">
      <Filter>WinD3D\Passes</Filter>
    </ClCompile>
    <ClCompile Include="Engine\Architecture\Drawable.cpp">
      <Filter>WinD3D\Drawable</Filter>
    </ClCompile>
    <ClCompile Include="Engine\Architecture\LayoutCodex.cpp">
      <Filter>WinD3D\Dynamics</Filter>
    </ClCompile>
    <ClCompile Include="Engine\Architecture\DynamicConstant.cpp">
      <Filter>WinD3D\Dynamics</Filter>
    </ClCompile>
    <ClCompile Include="Engine\Architecture\VertexLayout.cpp">
      <Filter>WinD3D\Dynamics</Filter>
    </ClCompile>
    <ClCompile Include="Engine\Entities\Material.cpp">
      <Filter>WinD3D\Loading</Filter>
    </ClCompile>
    <ClCompile Include="Engine\Entities\Mesh.cpp">
      <Filter>WinD3D\Loading</Filter>
    </ClCompile>
    <ClCompile Include="Engine\Entities\Model.cpp">
      <Filter>WinD3D\Loading</Filter>
    </ClCompile>
    <ClCompile Include="Engine\Entities\Node.cpp">
      <Filter>WinD3D\Loading</Filter>
    </ClCompile>
    <ClCompile Include="Engine\Entities\ReSurface.cpp">
      <Filter>WinD3D\Loading</Filter>
    </ClCompile>
    <ClCompile Include="Engine\Entities\Surface.cpp">
      <Filter>WinD3D\Loading</Filter>
    </ClCompile>
    <ClCompile Include="Engine\Entities\VFileDialog.cpp">
      <Filter>WinD3D\Loading</Filter>
    </ClCompile>
    <ClCompile Include="Engine\Scene\Camera.cpp">
      <Filter>WinD3D\Scene</Filter>
    </ClCompile>
    <ClCompile Include="Engine\Scene\PointLight.cpp">
      <Filter>WinD3D\Scene</Filter>
    </ClCompile>
    <ClCompile Include="Engine\Scene\SolidSphere.cpp">
      <Filter>WinD3D\Scene</Filter>
    </ClCompile>
    <ClCompile Include="Engine\Graphics.cpp">
      <Filter>WinD3D</Filter>
    </ClCompile>
    <ClCompile Include="Engine\Keyboard.cpp">
      <Filter>WinD3D</Filter>
    </ClCompile>
    <ClCompile Include="Engine\Mouse.cpp">
      <Filter>WinD3D</Filter>
    </ClCompile>
    <ClCompile Include="Engine\Window.cpp">
      <Filter>WinD3D</Filter>
    </ClCompile>
    <ClCompile Include="App.cpp">
      <Filter>WinD3D</Filter>
    </ClCompile>
    <ClCompile Include="EntryMain.cpp">
      <Filter>WinD3D</Filter>
    </ClCompile>
    <ClCompile Include="Framework\DXGIInfoManager.cpp">
      <Filter>WinD3D\Framework</Filter>
    </ClCompile>
    <ClCompile Include="Framework\Exception.cpp">
      <Filter>WinD3D\Framework</Filter>
    </ClCompile>
    <ClCompile Include="Framework\GDIPlusManager.cpp">
      <Filter>WinD3D\Framework</Filter>
    </ClCompile>
    <ClCompile Include="Framework\GraphicsExceptions.cpp">
      <Filter>WinD3D\Framework</Filter>
    </ClCompile>
    <ClCompile Include="Framework\ImGUIManager.cpp">
      <Filter>WinD3D\Framework</Filter>
    </ClCompile>
    <ClCompile Include="Framework\ModelException.cpp">
      <Filter>WinD3D\Framework</Filter>
    </ClCompile>
    <ClCompile Include="Framework\RenderGraphException.cpp">
      <Filter>WinD3D\Framework</Filter>
    </ClCompile>
    <ClCompile Include="Framework\WindowException.cpp">
      <Filter>WinD3D\Framework</Filter>
    </ClCompile>
  </ItemGroup>
  <ItemGroup>
    <ClInclude Include="..\ImGUI\imconfig.h">
      <Filter>ImGUI</Filter>
    </ClInclude>
    <ClInclude Include="..\ImGUI\imgui.h">
      <Filter>ImGUI</Filter>
    </ClInclude>
    <ClInclude Include="..\ImGUI\imgui_impl_dx11.h">
      <Filter>ImGUI</Filter>
    </ClInclude>
    <ClInclude Include="..\ImGUI\imgui_impl_win32.h">
      <Filter>ImGUI</Filter>
    </ClInclude>
    <ClInclude Include="..\ImGUI\imgui_internal.h">
      <Filter>ImGUI</Filter>
    </ClInclude>
    <ClInclude Include="..\ImGUI\imstb_rectpack.h">
      <Filter>ImGUI</Filter>
    </ClInclude>
    <ClInclude Include="..\ImGUI\imstb_textedit.h">
      <Filter>ImGUI</Filter>
    </ClInclude>
    <ClInclude Include="..\ImGUI\imstb_truetype.h">
      <Filter>ImGUI</Filter>
    </ClInclude>
    <ClInclude Include="Engine\Architecture\BlendState.h">
      <Filter>WinD3D\Bindable</Filter>
    </ClInclude>
    <ClInclude Include="Engine\Architecture\BufferResource.h">
      <Filter>WinD3D\Bindable</Filter>
    </ClInclude>
    <ClInclude Include="Engine\Architecture\ConstantBuffer.h">
      <Filter>WinD3D\Bindable</Filter>
    </ClInclude>
    <ClInclude Include="Engine\Architecture\ConstantBuffersEX.h">
      <Filter>WinD3D\Bindable</Filter>
    </ClInclude>
    <ClInclude Include="Engine\Architecture\GraphicsResource.h">
      <Filter>WinD3D\Bindable</Filter>
    </ClInclude>
    <ClInclude Include="Engine\Architecture\PixelShader.h">
      <Filter>WinD3D\Bindable</Filter>
    </ClInclude>
    <ClInclude Include="Engine\Architecture\Sampler.h">
      <Filter>WinD3D\Bindable</Filter>
    </ClInclude>
    <ClInclude Include="Engine\Architecture\Bindable.h">
      <Filter>WinD3D\Bindable</Filter>
    </ClInclude>
    <ClInclude Include="Engine\Architecture\DepthStencil.h">
      <Filter>WinD3D\Bindable</Filter>
    </ClInclude>
    <ClInclude Include="Engine\Architecture\IndexBuffer.h">
      <Filter>WinD3D\Bindable</Filter>
    </ClInclude>
    <ClInclude Include="Engine\Architecture\InputLayout.h">
      <Filter>WinD3D\Bindable</Filter>
    </ClInclude>
    <ClInclude Include="Engine\Architecture\NullPixelShader.h">
      <Filter>WinD3D\Bindable</Filter>
    </ClInclude>
    <ClInclude Include="Engine\Architecture\RasterizerState.h">
      <Filter>WinD3D\Bindable</Filter>
    </ClInclude>
    <ClInclude Include="Engine\Architecture\RenderTarget.h">
      <Filter>WinD3D\Bindable</Filter>
    </ClInclude>
    <ClInclude Include="Engine\Architecture\Stencil.h">
      <Filter>WinD3D\Bindable</Filter>
    </ClInclude>
    <ClInclude Include="Engine\Architecture\Texture.h">
      <Filter>WinD3D\Bindable</Filter>
    </ClInclude>
    <ClInclude Include="Engine\Architecture\Topology.h">
      <Filter>WinD3D\Bindable</Filter>
    </ClInclude>
    <ClInclude Include="Engine\Architecture\TransformCBuf.h">
      <Filter>WinD3D\Bindable</Filter>
    </ClInclude>
    <ClInclude Include="Engine\Architecture\TransformUnified.h">
      <Filter>WinD3D\Bindable</Filter>
    </ClInclude>
    <ClInclude Include="Engine\Architecture\VertexBuffer.h">
      <Filter>WinD3D\Bindable</Filter>
    </ClInclude>
    <ClInclude Include="Engine\Architecture\VertexShader.h">
      <Filter>WinD3D\Bindable</Filter>
    </ClInclude>
    <ClInclude Include="Engine\Architecture\Job.h">
      <Filter>WinD3D\Multipass</Filter>
    </ClInclude>
    <ClInclude Include="Engine\Architecture\Pass.h">
      <Filter>WinD3D\Multipass</Filter>
    </ClInclude>
    <ClInclude Include="Engine\Architecture\Sink.h">
      <Filter>WinD3D\Multipass</Filter>
    </ClInclude>
    <ClInclude Include="Engine\Architecture\SinksT.h">
      <Filter>WinD3D\Multipass</Filter>
    </ClInclude>
    <ClInclude Include="Engine\Architecture\Source.h">
      <Filter>WinD3D\Multipass</Filter>
    </ClInclude>
    <ClInclude Include="Engine\Architecture\SourcesT.h">
      <Filter>WinD3D\Multipass</Filter>
    </ClInclude>
    <ClInclude Include="Engine\Architecture\Step.h">
      <Filter>WinD3D\Multipass</Filter>
    </ClInclude>
    <ClInclude Include="Engine\Architecture\Technique.h">
      <Filter>WinD3D\Multipass</Filter>
    </ClInclude>
    <ClInclude Include="Engine\Architecture\BindingPass.h">
      <Filter>WinD3D\Passes</Filter>
    </ClInclude>
    <ClInclude Include="Engine\Architecture\BlurOutlineDrawingPass.h">
      <Filter>WinD3D\Passes</Filter>
    </ClInclude>
    <ClInclude Include="Engine\Architecture\BufferClearPass.h">
      <Filter>WinD3D\Passes</Filter>
    </ClInclude>
    <ClInclude Include="Engine\Architecture\FullscreenPass.h">
      <Filter>WinD3D\Passes</Filter>
    </ClInclude>
    <ClInclude Include="Engine\Architecture\HorizontalBlurPass.h">
      <Filter>WinD3D\Passes</Filter>
    </ClInclude>
    <ClInclude Include="Engine\Architecture\LambertianPass.h">
      <Filter>WinD3D\Passes</Filter>
    </ClInclude>
    <ClInclude Include="Engine\Architecture\OutlineMaskGenerationPass.h">
      <Filter>WinD3D\Passes</Filter>
    </ClInclude>
    <ClInclude Include="Engine\Architecture\RenderQueuePass.h">
      <Filter>WinD3D\Passes</Filter>
    </ClInclude>
    <ClInclude Include="Engine\Architecture\VerticalBlurPass.h">
      <Filter>WinD3D\Passes</Filter>
    </ClInclude>
    <ClInclude Include="Engine\Architecture\RenderGraph.h">
      <Filter>WinD3D\Passes\Graphs</Filter>
    </ClInclude>
    <ClInclude Include="Engine\Architecture\BlurOutlineRenderGraph.h">
      <Filter>WinD3D\Passes\Graphs</Filter>
    </ClInclude>
    <ClInclude Include="Engine\Architecture\VertexLayout.h">
      <Filter>WinD3D\Dynamics</Filter>
    </ClInclude>
    <ClInclude Include="Engine\Architecture\DynamicConstant.h">
      <Filter>WinD3D\Dynamics</Filter>
    </ClInclude>
    <ClInclude Include="Engine\Architecture\LayoutCodex.h">
      <Filter>WinD3D\Dynamics</Filter>
    </ClInclude>
    <ClInclude Include="Engine\Architecture\Codex.h">
      <Filter>WinD3D\Bindable</Filter>
    </ClInclude>
    <ClInclude Include="Engine\Architecture\Drawable.h">
      <Filter>WinD3D\Drawable</Filter>
    </ClInclude>
    <ClInclude Include="Engine\Entities\Material.h">
      <Filter>WinD3D\Loading</Filter>
    </ClInclude>
    <ClInclude Include="Engine\Entities\Mesh.h">
      <Filter>WinD3D\Loading</Filter>
    </ClInclude>
    <ClInclude Include="Engine\Entities\Model.h">
      <Filter>WinD3D\Loading</Filter>
    </ClInclude>
    <ClInclude Include="Engine\Entities\Node.h">
      <Filter>WinD3D\Loading</Filter>
    </ClInclude>
    <ClInclude Include="Engine\Entities\ReSurface.h">
      <Filter>WinD3D\Loading</Filter>
    </ClInclude>
    <ClInclude Include="Engine\Entities\Surface.h">
      <Filter>WinD3D\Loading</Filter>
    </ClInclude>
    <ClInclude Include="Engine\Entities\VFileDialog.h">
      <Filter>WinD3D\Loading</Filter>
    </ClInclude>
    <ClInclude Include="Engine\Scene\Camera.h">
      <Filter>WinD3D\Scene</Filter>
    </ClInclude>
    <ClInclude Include="Engine\Scene\Grid.h">
      <Filter>WinD3D\Scene</Filter>
    </ClInclude>
    <ClInclude Include="Engine\Scene\IndexedTriangleList.h">
      <Filter>WinD3D\Scene</Filter>
    </ClInclude>
    <ClInclude Include="Engine\Scene\Plane.h">
      <Filter>WinD3D\Scene</Filter>
    </ClInclude>
    <ClInclude Include="Engine\Scene\PointLight.h">
      <Filter>WinD3D\Scene</Filter>
    </ClInclude>
    <ClInclude Include="Engine\Scene\SolidSphere.h">
      <Filter>WinD3D\Scene</Filter>
    </ClInclude>
    <ClInclude Include="Engine\Scene\Sphere.h">
      <Filter>WinD3D\Scene</Filter>
    </ClInclude>
    <ClInclude Include="Engine\Probes\ModelProbe.h">
      <Filter>WinD3D\Probes</Filter>
    </ClInclude>
    <ClInclude Include="Engine\Probes\TechniqueProbe.h">
      <Filter>WinD3D\Probes</Filter>
    </ClInclude>
    <ClInclude Include="Engine\Probes\TestModelProbe.h">
      <Filter>WinD3D\Probes</Filter>
    </ClInclude>
    <ClInclude Include="Engine\Graphics.h">
      <Filter>WinD3D</Filter>
    </ClInclude>
    <ClInclude Include="Engine\Keyboard.h">
      <Filter>WinD3D</Filter>
    </ClInclude>
    <ClInclude Include="Engine\Mouse.h">
      <Filter>WinD3D</Filter>
    </ClInclude>
    <ClInclude Include="Engine\Window.h">
      <Filter>WinD3D</Filter>
    </ClInclude>
    <ClInclude Include="App.h">
      <Filter>WinD3D</Filter>
    </ClInclude>
    <ClInclude Include="Framework\DXGIInfoManager.h">
      <Filter>WinD3D\Framework</Filter>
    </ClInclude>
    <ClInclude Include="Framework\Exception.h">
      <Filter>WinD3D\Framework</Filter>
    </ClInclude>
    <ClInclude Include="Framework\GDIPlusManager.h">
      <Filter>WinD3D\Framework</Filter>
    </ClInclude>
    <ClInclude Include="Framework\GraphicsExceptions.h">
      <Filter>WinD3D\Framework</Filter>
    </ClInclude>
    <ClInclude Include="Framework\ImGUIManager.h">
      <Filter>WinD3D\Framework</Filter>
    </ClInclude>
    <ClInclude Include="Framework\ModelException.h">
      <Filter>WinD3D\Framework</Filter>
    </ClInclude>
    <ClInclude Include="Framework\RenderGraphException.h">
      <Filter>WinD3D\Framework</Filter>
    </ClInclude>
    <ClInclude Include="Framework\WindowExceptions.h">
      <Filter>WinD3D\Framework</Filter>
    </ClInclude>
    <ClInclude Include="Framework\GdiSetup.h">
      <Filter>WinD3D\Framework</Filter>
    </ClInclude>
    <ClInclude Include="Framework\MathHelper.h">
      <Filter>WinD3D\Framework</Filter>
    </ClInclude>
    <ClInclude Include="Framework\noexcept_if.h">
      <Filter>WinD3D\Framework</Filter>
    </ClInclude>
    <ClInclude Include="Framework\Utility.h">
      <Filter>WinD3D\Framework</Filter>
    </ClInclude>
    <ClInclude Include="Framework\WinSetup.h">
      <Filter>WinD3D\Framework</Filter>
    </ClInclude>
    <ClInclude Include="resource.h">
      <Filter>WinD3D</Filter>
    </ClInclude>
    <ClInclude Include="Engine\Architecture\BindableCommons.h">
      <Filter>WinD3D\Bindable</Filter>
    </ClInclude>
  </ItemGroup>
  <ItemGroup>
    <ResourceCompile Include="WinD3D.rc">
      <Filter>Файлы ресурсов</Filter>
    </ResourceCompile>
  </ItemGroup>
  <ItemGroup>
    <Image Include="TheLostReality.ico">
      <Filter>Файлы ресурсов</Filter>
    </Image>
    <Image Include="..\..\..\..\..\Desktop\Marble.jpg">
      <Filter>Файлы ресурсов\Images</Filter>
    </Image>
    <Image Include="Images\kappa50.png">
      <Filter>Файлы ресурсов\Images</Filter>
    </Image>
    <Image Include="TLR.ico">
      <Filter>Файлы ресурсов</Filter>
    </Image>
  </ItemGroup>
  <ItemGroup>
    <None Include="Engine\Shaders\LightVectorData.hlsli">
      <Filter>Shaders\Headers</Filter>
    </None>
    <None Include="Engine\Shaders\ShaderProcs.hlsli">
      <Filter>Shaders\Headers</Filter>
    </None>
    <None Include="Engine\Shaders\PointLight.hlsli">
      <Filter>Shaders\Headers</Filter>
    </None>
    <None Include="cpp.hint" />
    <None Include="packages.config" />
  </ItemGroup>
  <ItemGroup>
    <FxCompile Include="Engine\Shaders\ColorBlendPS.hlsl">
      <Filter>Shaders\Old</Filter>
    </FxCompile>
    <FxCompile Include="Engine\Shaders\ColorBlendVS.hlsl">
      <Filter>Shaders\Old</Filter>
    </FxCompile>
    <FxCompile Include="Engine\Shaders\ColorIndexPS.hlsl">
      <Filter>Shaders\Old</Filter>
    </FxCompile>
    <FxCompile Include="Engine\Shaders\ColorIndexVS.hlsl">
      <Filter>Shaders\Old</Filter>
    </FxCompile>
    <FxCompile Include="Engine\Shaders\TextureVS.hlsl">
      <Filter>Shaders\Old</Filter>
    </FxCompile>
    <FxCompile Include="Engine\Shaders\TexturePS.hlsl">
      <Filter>Shaders\Old</Filter>
    </FxCompile>
    <FxCompile Include="Engine\Shaders\Solid_PS.hlsl">
      <Filter>Shaders\PixelShades</Filter>
    </FxCompile>
    <FxCompile Include="Engine\Shaders\Solid_VS.hlsl">
      <Filter>Shaders\VertexShaders</Filter>
    </FxCompile>
    <FxCompile Include="Engine\Shaders\Phong_VS.hlsl">
      <Filter>Shaders\VertexShaders</Filter>
    </FxCompile>
    <FxCompile Include="Engine\Shaders\Phong_PS.hlsl">
      <Filter>Shaders\PixelShades</Filter>
    </FxCompile>
    <FxCompile Include="Engine\Shaders\PhongDif_VS.hlsl">
      <Filter>Shaders\VertexShaders</Filter>
    </FxCompile>
    <FxCompile Include="Engine\Shaders\PhongDif_PS.hlsl">
      <Filter>Shaders\PixelShades</Filter>
    </FxCompile>
    <FxCompile Include="Engine\Shaders\PhongDifSpc_VS.hlsl">
      <Filter>Shaders\VertexShaders</Filter>
    </FxCompile>
    <FxCompile Include="Engine\Shaders\PhongDifSpc_PS.hlsl">
      <Filter>Shaders\PixelShades</Filter>
    </FxCompile>
    <FxCompile Include="Engine\Shaders\PhongDifSpcNrm_VS.hlsl">
      <Filter>Shaders\VertexShaders</Filter>
    </FxCompile>
    <FxCompile Include="Engine\Shaders\PhongDifNrm_VS.hlsl">
      <Filter>Shaders\VertexShaders</Filter>
    </FxCompile>
    <FxCompile Include="Engine\Shaders\PhongDifNrm_PS.hlsl">
      <Filter>Shaders\PixelShades</Filter>
    </FxCompile>
    <FxCompile Include="Engine\Shaders\PhongDifSpcNrm_PS.hlsl">
      <Filter>Shaders\PixelShades</Filter>
    </FxCompile>
    <FxCompile Include="Engine\Shaders\PhongDifMskSpcNrm_VS.hlsl">
      <Filter>Shaders\VertexShaders</Filter>
    </FxCompile>
    <FxCompile Include="Engine\Shaders\PhongDifMskSpcNrm_PS.hlsl">
      <Filter>Shaders\PixelShades</Filter>
    </FxCompile>
    <FxCompile Include="Engine\Shaders\Blur_PS.hlsl">
      <Filter>Shaders\PixelShades</Filter>
    </FxCompile>
    <FxCompile Include="Engine\Shaders\BlurOutline_PS.hlsl">
      <Filter>Shaders\PixelShades</Filter>
    </FxCompile>
    <FxCompile Include="Engine\Shaders\Fullscreen_VS.hlsl">
      <Filter>Shaders\VertexShaders</Filter>
    </FxCompile>
  </ItemGroup>
</Project>